{
  "version": "5",
  "redirects": {
    "https://esm.sh/@supabase/functions-js@^2.1.5?target=denonext": "https://esm.sh/@supabase/functions-js@2.87.1?target=denonext",
    "https://esm.sh/@supabase/gotrue-js@^2.60.0?target=denonext": "https://esm.sh/@supabase/gotrue-js@2.99.1?target=denonext",
    "https://esm.sh/@supabase/node-fetch@^2.6.14?target=denonext": "https://esm.sh/@supabase/node-fetch@2.6.15?target=denonext",
    "https://esm.sh/@supabase/postgrest-js@^1.9.0?target=denonext": "https://esm.sh/@supabase/postgrest-js@1.21.4?target=denonext",
    "https://esm.sh/@supabase/realtime-js@^2.9.3?target=denonext": "https://esm.sh/@supabase/realtime-js@2.99.1?target=denonext",
    "https://esm.sh/@supabase/storage-js@^2.5.4?target=denonext": "https://esm.sh/@supabase/storage-js@2.87.1?target=denonext",
    "https://esm.sh/iceberg-js@^0.8.1?target=denonext": "https://esm.sh/iceberg-js@0.8.1?target=denonext",
    "https://esm.sh/tr46@~0.0.3?target=denonext": "https://esm.sh/tr46@0.0.3?target=denonext",
    "https://esm.sh/webidl-conversions@^3.0.0?target=denonext": "https://esm.sh/webidl-conversions@3.0.1?target=denonext",
    "https://esm.sh/whatwg-url@^5.0.0?target=denonext": "https://esm.sh/whatwg-url@5.0.0?target=denonext"
  },
  "remote": {
    "https://deno.land/std@0.168.0/async/abortable.ts": "80b2ac399f142cc528f95a037a7d0e653296352d95c681e284533765961de409",
    "https://deno.land/std@0.168.0/async/deadline.ts": "2c2deb53c7c28ca1dda7a3ad81e70508b1ebc25db52559de6b8636c9278fd41f",
    "https://deno.land/std@0.168.0/async/debounce.ts": "60301ffb37e730cd2d6f9dadfd0ecb2a38857681bd7aaf6b0a106b06e5210a98",
    "https://deno.land/std@0.168.0/async/deferred.ts": "77d3f84255c3627f1cc88699d8472b664d7635990d5358c4351623e098e917d6",
    "https://deno.land/std@0.168.0/async/delay.ts": "5a9bfba8de38840308a7a33786a0155a7f6c1f7a859558ddcec5fe06e16daf57",
    "https://deno.land/std@0.168.0/async/mod.ts": "7809ad4bb223e40f5fdc043e5c7ca04e0e25eed35c32c3c32e28697c553fa6d9",
    "https://deno.land/std@0.168.0/async/mux_async_iterator.ts": "770a0ff26c59f8bbbda6b703a2235f04e379f73238e8d66a087edc68c2a2c35f",
    "https://deno.land/std@0.168.0/async/pool.ts": "6854d8cd675a74c73391c82005cbbe4cc58183bddcd1fbbd7c2bcda42b61cf69",
    "https://deno.land/std@0.168.0/async/retry.ts": "e8e5173623915bbc0ddc537698fa418cf875456c347eda1ed453528645b42e67",
    "https://deno.land/std@0.168.0/async/tee.ts": "3a47cc4e9a940904fd4341f0224907e199121c80b831faa5ec2b054c6d2eff5e",
    "https://deno.land/std@0.168.0/http/server.ts": "e99c1bee8a3f6571ee4cdeb2966efad465b8f6fe62bec1bdb59c1f007cc4d155",
    "https://esm.sh/@supabase/functions-js@2.87.1/denonext/functions-js.mjs": "cefdfdefe3d6a8aaa6268f1109a73d5fb431015e8f604a4d73bd554dba6e1c1e",
    "https://esm.sh/@supabase/functions-js@2.87.1?target=denonext": "87e62fe54323d718262f1f101ea146c43734994955764014622bee682f502bee",
    "https://esm.sh/@supabase/gotrue-js@2.99.1/denonext/gotrue-js.mjs": "efdc21a5aeb381588bc309d049d3346faf29b1e521ff1139dcd190de2331bfb6",
    "https://esm.sh/@supabase/gotrue-js@2.99.1?target=denonext": "aeddeb4044994e11093c75f92b72ad5d0bb45c105738345f5cecbcc39f21f58b",
    "https://esm.sh/@supabase/node-fetch@2.6.15/denonext/node-fetch.mjs": "0bae9052231f4f6dbccc7234d05ea96923dbf967be12f402764580b6bf9f713d",
    "https://esm.sh/@supabase/node-fetch@2.6.15?target=denonext": "4d28c4ad97328403184353f68434f2b6973971507919e9150297413664919cf3",
    "https://esm.sh/@supabase/postgrest-js@1.21.4/denonext/postgrest-js.mjs": "c3769b11ef02debc78ecf6ab4e152d3cf7dbd05bbbafeb72c160e76cc57cda3c",
    "https://esm.sh/@supabase/postgrest-js@1.21.4?target=denonext": "db2315bc0ff19690cd4239c5adb5f5787f5dea04955058ef1fca541d49555ed6",
    "https://esm.sh/@supabase/realtime-js@2.99.1/denonext/realtime-js.mjs": "ede2085a822c9b32d484ef019ea1ae139e7d5adaf426931b1aba6a48df597905",
    "https://esm.sh/@supabase/realtime-js@2.99.1?target=denonext": "0dff39fbf0dfd21456c55b073b4506a9343b1eb2596815025a318d8045aaac6f",
    "https://esm.sh/@supabase/storage-js@2.87.1/denonext/storage-js.mjs": "8468ef6bef2daf31940837decd8bdde9f5b1e35eec66dd9af3a409562a556088",
    "https://esm.sh/@supabase/storage-js@2.87.1?target=denonext": "cceecc8ea5a36b3e17a629f4a7a4bb165c8980aefce524d082cf10c6d8092682",
    "https://esm.sh/@supabase/supabase-js@2.39.3": "832d7714491bd1c8a9008a332b35cb099f24b451ad79e755ecf4d71985fd6610",
    "https://esm.sh/@supabase/supabase-js@2.39.3/denonext/supabase-js.mjs": "054f4cd1560fa814cdc10d06c0809b00d0817dc06a072fa983e4c023e4346439",
    "https://esm.sh/iceberg-js@0.8.1/denonext/iceberg-js.mjs": "d839d81a2e3966500ca2cdd0c1cb458e9608bacfc91f7bb67a69b2e878dcdb4f",
    "https://esm.sh/iceberg-js@0.8.1?target=denonext": "58c849d7fe2bf4eca4a84eb501e83c161a7d8c34ca1bec15a962b3bec3062633",
    "https://esm.sh/tr46@0.0.3/denonext/tr46.mjs": "5753ec0a99414f4055f0c1f97691100f13d88e48a8443b00aebb90a512785fa2",
    "https://esm.sh/tr46@0.0.3?target=denonext": "19cb9be0f0d418a0c3abb81f2df31f080e9540a04e43b0f699bce1149cba0cbb",
    "https://esm.sh/tslib@2.8.1/denonext/tslib.mjs": "c38da5dd6da6281964435002ce204cd586634fe3bdfb24a0ee116f48cf3292e9",
    "https://esm.sh/webidl-conversions@3.0.1/denonext/webidl-conversions.mjs": "238cd0743827707cbc1c2d7c2cf1027dbc536fb53ec9a3fde0ff8026a3ac5385",
    "https://esm.sh/webidl-conversions@3.0.1?target=denonext": "4e20318d50528084616c79d7b3f6e7f0fe7b6d09013bd01b3974d7448d767e29",
    "https://esm.sh/whatwg-url@5.0.0/denonext/whatwg-url.mjs": "29b16d74ee72624c915745bbd25b617cfd2248c6af0f5120d131e232a9a9af79",
    "https://esm.sh/whatwg-url@5.0.0?target=denonext": "f001a2cadf81312d214ca330033f474e74d81a003e21e8c5d70a1f46dc97b02d"
  },
  "workspace": {
    "packageJson": {
      "dependencies": [
        "npm:@capacitor-community/bluetooth-le@7",
        "npm:@capacitor-community/contacts@^7.1.0",
        "npm:@capacitor-community/sqlite@7",
        "npm:@capacitor/android@^7.4.4",
        "npm:@capacitor/app@^7.1.0",
        "npm:@capacitor/assets@^3.0.5",
        "npm:@capacitor/camera@^7.0.3",
        "npm:@capacitor/cli@^7.4.4",
        "npm:@capacitor/core@^7.4.4",
        "npm:@capacitor/device@7",
        "npm:@capacitor/filesystem@^7.1.5",
        "npm:@capacitor/geolocation@^7.1.6",
        "npm:@capacitor/local-notifications@^7.0.3",
        "npm:@capacitor/network@^7.0.2",
        "npm:@capacitor/preferences@7",
        "npm:@capacitor/push-notifications@^7.0.3",
        "npm:@capacitor/splash-screen@^7.0.3",
        "npm:@capacitor/status-bar@^7.0.3",
        "npm:@capawesome/capacitor-badge@^7.0.1",
        "npm:@capgo/capacitor-updater@^7.43.3",
        "npm:@google/genai@0.15",
        "npm:@hookform/resolvers@^3.3.4",
        "npm:@ionic/pwa-elements@^3.3.0",
        "npm:@jridgewell/sourcemap-codec@^1.5.5",
        "npm:@react-pdf/renderer@^4.3.2",
        "npm:@supabase/supabase-js@^2.43.4",
        "npm:@tailwindcss/vite@^4.1.18",
        "npm:@tanstack/react-query@^5.90.21",
        "npm:@types/cors@^2.8.19",
        "npm:@types/express@^5.0.5",
        "npm:@types/leaflet@^1.9.12",
        "npm:@types/node@^24.10.1",
        "npm:@types/puppeteer@^5.4.7",
        "npm:@types/react-date-range@^1.4.9",
        "npm:@types/react-dom@^18.2.22",
        "npm:@types/react@^18.2.66",
        "npm:@types/yargs@^17.0.35",
        "npm:@vercel/speed-insights@^1.3.1",
        "npm:@vitejs/plugin-react@^4.2.1",
        "npm:chart.js@^4.5.1",
        "npm:cordova-plugin-android-permissions@^1.1.5",
        "npm:date-fns@^3.6.0",
        "npm:exceljs@^4.4.0",
        "npm:file-saver@^2.0.5",
        "npm:firebase@^12.8.0",
        "npm:html5-qrcode@^2.3.8",
        "npm:idb@^8.0.3",
        "npm:jsqr@^1.4.0",
        "npm:jszip@^3.10.1",
        "npm:leaflet@^1.9.4",
        "npm:lucide-react@0.378",
        "npm:node-fetch@^3.3.2",
        "npm:onesignal-cordova-plugin@^5.3.3",
        "npm:pako@^1.0.11",
        "npm:puppeteer@^24.30.0",
        "npm:react-date-range@^2.0.1",
        "npm:react-dom@^18.2.0",
        "npm:react-easy-crop@^5.5.5",
        "npm:react-hook-form@^7.51.4",
        "npm:react-hot-toast@^2.6.0",
        "npm:react-router-dom@^6.30.2",
        "npm:react@^18.2.0",
        "npm:tailwindcss@^4.1.18",
        "npm:tesseract.js@7",
        "npm:ts-node@^10.9.2",
        "npm:typescript@^5.9.3",
        "npm:vite-plugin-pwa@^1.2.0",
        "npm:vite@^7.2.4",
        "npm:yargs@18",
        "npm:yup@^1.4.0",
        "npm:zustand@^4.5.2"
      ],
      "overrides": {
        "dompurify": "^3.3.1",
        "tar": "^7.5.6",
        "cross-spawn": "^7.0.6",
        "minimatch": "^10.2.1",
        "xml2js": "^0.5.0",
        "ejs": "^3.1.10",
        "nth-check": "^2.1.1",
        "braces": "^3.0.3",
        "micromatch": "^4.0.8",
        "axios": "^1.7.4",
        "ws": "^8.17.1",
        "nanoid": "^3.3.8",
        "semver": "^7.5.2",
        "archiver": "^7.0.1",
        "glob": "^13.0.5",
        "rimraf": "^6.1.3",
        "tempy": "^3.1.0",
        "zip-stream": "^6.0.1",
        "compress-commons": "^6.0.2",
        "fstream": "^1.0.12",
        "unzipper": "^0.12.3",
        "jake": "^10.9.4",
        "replace": "^1.2.2",
        "readdir-glob": "^2.0.1",
        "filelist": "^1.0.4",
        "serialize-javascript": "^7.0.3"
      }
    }
  }
}
